
Microsoft Visual Studio Solution File, Format Version 12.00
# Visual Studio Version 17
VisualStudioVersion = 17.4.33122.133
MinimumVisualStudioVersion = 10.0.40219.1
Project("{FAE04EC0-301F-11D3-BF4B-00C04F79EFBC}") = "PigeonHole", "PigeonHole\PigeonHole.csproj", "{3751D59D-BAD1-4D02-9DE9-D1727F165245}"
EndProject
Global
	GlobalSection(SolutionConfigurationPlatforms) = preSolution
		Debug|Any CPU = Debug|Any CPU
		Release|Any CPU = Release|Any CPU
	EndGlobalSection
	GlobalSection(ProjectConfigurationPlatforms) = postSolution
		{3751D59D-BAD1-4D02-9DE9-D1727F165245}.Debug|Any CPU.ActiveCfg = Debug|Any CPU
		{3751D59D-BAD1-4D02-9DE9-D1727F165245}.Debug|Any CPU.Build.0 = Debug|Any CPU
		{3751D59D-BAD1-4D02-9DE9-D1727F165245}.Release|Any CPU.ActiveCfg = Release|Any CPU
		{3751D59D-BAD1-4D02-9DE9-D1727F165245}.Release|Any CPU.Build.0 = Release|Any CPU
	EndGlobalSection
	GlobalSection(SolutionProperties) = preSolution
		HideSolutionNode = FALSE
	EndGlobalSection
	GlobalSection(ExtensibilityGlobals) = postSolution
		SolutionGuid = {1A6BE3CF-D395-49EC-9669-479642FB4856}
	EndGlobalSection
EndGlobal
